
Microsoft Visual Studio Solution File, Format Version 12.00
# Visual Studio Version 17
VisualStudioVersion = 17.7.34024.191
MinimumVisualStudioVersion = 10.0.40219.1
Project("{FAE04EC0-301F-11D3-BF4B-00C04F79EFBC}") = "SistemaVenta.Entity", "SistemaVenta.Entity\SistemaVenta.Entity.csproj", "{9FEFD4C7-05C0-4BDA-BE75-932F13E2BA15}"
EndProject
Project("{FAE04EC0-301F-11D3-BF4B-00C04F79EFBC}") = "SistemaVentas.DAL", "SistemaVentas.DAL\SistemaVentas.DAL.csproj", "{8B834097-B7D6-4755-AE89-60F190057C7F}"
EndProject
Project("{FAE04EC0-301F-11D3-BF4B-00C04F79EFBC}") = "SistemaVenta.BLL", "SistemaVenta.BLL\SistemaVenta.BLL.csproj", "{7ABE3CDB-12E3-4997-9D21-86DBDBF7B9FB}"
EndProject
Project("{FAE04EC0-301F-11D3-BF4B-00C04F79EFBC}") = "SistemaVenta.IOC", "SistemaVenta.IOC\SistemaVenta.IOC.csproj", "{629F44A4-6AF9-45D6-BDBB-CC3E4B3549C9}"
EndProject
Project("{FAE04EC0-301F-11D3-BF4B-00C04F79EFBC}") = "SistemaVenta.AplicacionWeb", "SistemaVenta.AplicacionWeb\SistemaVenta.AplicacionWeb.csproj", "{568D3214-5A56-4E82-800A-CDFEB4F0A087}"
EndProject
Global
	GlobalSection(SolutionConfigurationPlatforms) = preSolution
		Debug|Any CPU = Debug|Any CPU
		Release|Any CPU = Release|Any CPU
	EndGlobalSection
	GlobalSection(ProjectConfigurationPlatforms) = postSolution
		{9FEFD4C7-05C0-4BDA-BE75-932F13E2BA15}.Debug|Any CPU.ActiveCfg = Debug|Any CPU
		{9FEFD4C7-05C0-4BDA-BE75-932F13E2BA15}.Debug|Any CPU.Build.0 = Debug|Any CPU
		{9FEFD4C7-05C0-4BDA-BE75-932F13E2BA15}.Release|Any CPU.ActiveCfg = Release|Any CPU
		{9FEFD4C7-05C0-4BDA-BE75-932F13E2BA15}.Release|Any CPU.Build.0 = Release|Any CPU
		{8B834097-B7D6-4755-AE89-60F190057C7F}.Debug|Any CPU.ActiveCfg = Debug|Any CPU
		{8B834097-B7D6-4755-AE89-60F190057C7F}.Debug|Any CPU.Build.0 = Debug|Any CPU
		{8B834097-B7D6-4755-AE89-60F190057C7F}.Release|Any CPU.ActiveCfg = Release|Any CPU
		{8B834097-B7D6-4755-AE89-60F190057C7F}.Release|Any CPU.Build.0 = Release|Any CPU
		{7ABE3CDB-12E3-4997-9D21-86DBDBF7B9FB}.Debug|Any CPU.ActiveCfg = Debug|Any CPU
		{7ABE3CDB-12E3-4997-9D21-86DBDBF7B9FB}.Debug|Any CPU.Build.0 = Debug|Any CPU
		{7ABE3CDB-12E3-4997-9D21-86DBDBF7B9FB}.Release|Any CPU.ActiveCfg = Release|Any CPU
		{7ABE3CDB-12E3-4997-9D21-86DBDBF7B9FB}.Release|Any CPU.Build.0 = Release|Any CPU
		{629F44A4-6AF9-45D6-BDBB-CC3E4B3549C9}.Debug|Any CPU.ActiveCfg = Debug|Any CPU
		{629F44A4-6AF9-45D6-BDBB-CC3E4B3549C9}.Debug|Any CPU.Build.0 = Debug|Any CPU
		{629F44A4-6AF9-45D6-BDBB-CC3E4B3549C9}.Release|Any CPU.ActiveCfg = Release|Any CPU
		{629F44A4-6AF9-45D6-BDBB-CC3E4B3549C9}.Release|Any CPU.Build.0 = Release|Any CPU
		{568D3214-5A56-4E82-800A-CDFEB4F0A087}.Debug|Any CPU.ActiveCfg = Debug|Any CPU
		{568D3214-5A56-4E82-800A-CDFEB4F0A087}.Debug|Any CPU.Build.0 = Debug|Any CPU
		{568D3214-5A56-4E82-800A-CDFEB4F0A087}.Release|Any CPU.ActiveCfg = Release|Any CPU
		{568D3214-5A56-4E82-800A-CDFEB4F0A087}.Release|Any CPU.Build.0 = Release|Any CPU
	EndGlobalSection
	GlobalSection(SolutionProperties) = preSolution
		HideSolutionNode = FALSE
	EndGlobalSection
	GlobalSection(ExtensibilityGlobals) = postSolution
		SolutionGuid = {30B31E4D-B60C-484A-8939-B18FD56B3AE9}
	EndGlobalSection
EndGlobal
